
Microsoft Visual Studio Solution File, Format Version 12.00
# Visual Studio 15
VisualStudioVersion = 15.0.28307.572
MinimumVisualStudioVersion = 10.0.40219.1
Project("{FAE04EC0-301F-11D3-BF4B-00C04F79EFBC}") = "RailroadDiagrams.App", "RailroadDiagrams.App\RailroadDiagrams.App.csproj", "{47839384-CA8B-45F8-B475-3999F79E7806}"
EndProject
Project("{FAE04EC0-301F-11D3-BF4B-00C04F79EFBC}") = "RailroadDiagrams.DataModels", "RailroadDiagrams.DataModels\RailroadDiagrams.DataModels.csproj", "{9763C66D-987D-4B53-BED2-F55CBFD8D010}"
EndProject
Project("{FAE04EC0-301F-11D3-BF4B-00C04F79EFBC}") = "RailroadDiagrams.DataModels.Tests", "RailroadDiagrams.DataModels.Tests\RailroadDiagrams.DataModels.Tests.csproj", "{A95916D8-BA00-4E6A-A16A-E6915D91F02D}"
EndProject
Project("{FAE04EC0-301F-11D3-BF4B-00C04F79EFBC}") = "RailroadDiagrams.DataModels.Factories", "RailroadDiagrams.DataModels.Factories\RailroadDiagrams.DataModels.Factories.csproj", "{FB9A661A-ED3F-46B5-BA61-25D4A07CBB5F}"
EndProject
Global
	GlobalSection(SolutionConfigurationPlatforms) = preSolution
		Debug|Any CPU = Debug|Any CPU
		Debug|ARM = Debug|ARM
		Debug|x64 = Debug|x64
		Debug|x86 = Debug|x86
		Release|Any CPU = Release|Any CPU
		Release|ARM = Release|ARM
		Release|x64 = Release|x64
		Release|x86 = Release|x86
	EndGlobalSection
	GlobalSection(ProjectConfigurationPlatforms) = postSolution
		{47839384-CA8B-45F8-B475-3999F79E7806}.Debug|Any CPU.ActiveCfg = Debug|Any CPU
		{47839384-CA8B-45F8-B475-3999F79E7806}.Debug|Any CPU.Build.0 = Debug|Any CPU
		{47839384-CA8B-45F8-B475-3999F79E7806}.Debug|ARM.ActiveCfg = Debug|Any CPU
		{47839384-CA8B-45F8-B475-3999F79E7806}.Debug|ARM.Build.0 = Debug|Any CPU
		{47839384-CA8B-45F8-B475-3999F79E7806}.Debug|x64.ActiveCfg = Debug|Any CPU
		{47839384-CA8B-45F8-B475-3999F79E7806}.Debug|x64.Build.0 = Debug|Any CPU
		{47839384-CA8B-45F8-B475-3999F79E7806}.Debug|x86.ActiveCfg = Debug|Any CPU
		{47839384-CA8B-45F8-B475-3999F79E7806}.Debug|x86.Build.0 = Debug|Any CPU
		{47839384-CA8B-45F8-B475-3999F79E7806}.Release|Any CPU.ActiveCfg = Release|Any CPU
		{47839384-CA8B-45F8-B475-3999F79E7806}.Release|Any CPU.Build.0 = Release|Any CPU
		{47839384-CA8B-45F8-B475-3999F79E7806}.Release|ARM.ActiveCfg = Release|Any CPU
		{47839384-CA8B-45F8-B475-3999F79E7806}.Release|ARM.Build.0 = Release|Any CPU
		{47839384-CA8B-45F8-B475-3999F79E7806}.Release|x64.ActiveCfg = Release|Any CPU
		{47839384-CA8B-45F8-B475-3999F79E7806}.Release|x64.Build.0 = Release|Any CPU
		{47839384-CA8B-45F8-B475-3999F79E7806}.Release|x86.ActiveCfg = Release|Any CPU
		{47839384-CA8B-45F8-B475-3999F79E7806}.Release|x86.Build.0 = Release|Any CPU
		{9763C66D-987D-4B53-BED2-F55CBFD8D010}.Debug|Any CPU.ActiveCfg = Debug|Any CPU
		{9763C66D-987D-4B53-BED2-F55CBFD8D010}.Debug|Any CPU.Build.0 = Debug|Any CPU
		{9763C66D-987D-4B53-BED2-F55CBFD8D010}.Debug|ARM.ActiveCfg = Debug|Any CPU
		{9763C66D-987D-4B53-BED2-F55CBFD8D010}.Debug|ARM.Build.0 = Debug|Any CPU
		{9763C66D-987D-4B53-BED2-F55CBFD8D010}.Debug|x64.ActiveCfg = Debug|Any CPU
		{9763C66D-987D-4B53-BED2-F55CBFD8D010}.Debug|x64.Build.0 = Debug|Any CPU
		{9763C66D-987D-4B53-BED2-F55CBFD8D010}.Debug|x86.ActiveCfg = Debug|Any CPU
		{9763C66D-987D-4B53-BED2-F55CBFD8D010}.Debug|x86.Build.0 = Debug|Any CPU
		{9763C66D-987D-4B53-BED2-F55CBFD8D010}.Release|Any CPU.ActiveCfg = Release|Any CPU
		{9763C66D-987D-4B53-BED2-F55CBFD8D010}.Release|Any CPU.Build.0 = Release|Any CPU
		{9763C66D-987D-4B53-BED2-F55CBFD8D010}.Release|ARM.ActiveCfg = Release|Any CPU
		{9763C66D-987D-4B53-BED2-F55CBFD8D010}.Release|ARM.Build.0 = Release|Any CPU
		{9763C66D-987D-4B53-BED2-F55CBFD8D010}.Release|x64.ActiveCfg = Release|Any CPU
		{9763C66D-987D-4B53-BED2-F55CBFD8D010}.Release|x64.Build.0 = Release|Any CPU
		{9763C66D-987D-4B53-BED2-F55CBFD8D010}.Release|x86.ActiveCfg = Release|Any CPU
		{9763C66D-987D-4B53-BED2-F55CBFD8D010}.Release|x86.Build.0 = Release|Any CPU
		{A95916D8-BA00-4E6A-A16A-E6915D91F02D}.Debug|Any CPU.ActiveCfg = Debug|Any CPU
		{A95916D8-BA00-4E6A-A16A-E6915D91F02D}.Debug|Any CPU.Build.0 = Debug|Any CPU
		{A95916D8-BA00-4E6A-A16A-E6915D91F02D}.Debug|ARM.ActiveCfg = Debug|Any CPU
		{A95916D8-BA00-4E6A-A16A-E6915D91F02D}.Debug|ARM.Build.0 = Debug|Any CPU
		{A95916D8-BA00-4E6A-A16A-E6915D91F02D}.Debug|x64.ActiveCfg = Debug|Any CPU
		{A95916D8-BA00-4E6A-A16A-E6915D91F02D}.Debug|x64.Build.0 = Debug|Any CPU
		{A95916D8-BA00-4E6A-A16A-E6915D91F02D}.Debug|x86.ActiveCfg = Debug|Any CPU
		{A95916D8-BA00-4E6A-A16A-E6915D91F02D}.Debug|x86.Build.0 = Debug|Any CPU
		{A95916D8-BA00-4E6A-A16A-E6915D91F02D}.Release|Any CPU.ActiveCfg = Release|Any CPU
		{A95916D8-BA00-4E6A-A16A-E6915D91F02D}.Release|Any CPU.Build.0 = Release|Any CPU
		{A95916D8-BA00-4E6A-A16A-E6915D91F02D}.Release|ARM.ActiveCfg = Release|Any CPU
		{A95916D8-BA00-4E6A-A16A-E6915D91F02D}.Release|ARM.Build.0 = Release|Any CPU
		{A95916D8-BA00-4E6A-A16A-E6915D91F02D}.Release|x64.ActiveCfg = Release|Any CPU
		{A95916D8-BA00-4E6A-A16A-E6915D91F02D}.Release|x64.Build.0 = Release|Any CPU
		{A95916D8-BA00-4E6A-A16A-E6915D91F02D}.Release|x86.ActiveCfg = Release|Any CPU
		{A95916D8-BA00-4E6A-A16A-E6915D91F02D}.Release|x86.Build.0 = Release|Any CPU
		{FB9A661A-ED3F-46B5-BA61-25D4A07CBB5F}.Debug|Any CPU.ActiveCfg = Debug|Any CPU
		{FB9A661A-ED3F-46B5-BA61-25D4A07CBB5F}.Debug|Any CPU.Build.0 = Debug|Any CPU
		{FB9A661A-ED3F-46B5-BA61-25D4A07CBB5F}.Debug|ARM.ActiveCfg = Debug|Any CPU
		{FB9A661A-ED3F-46B5-BA61-25D4A07CBB5F}.Debug|ARM.Build.0 = Debug|Any CPU
		{FB9A661A-ED3F-46B5-BA61-25D4A07CBB5F}.Debug|x64.ActiveCfg = Debug|Any CPU
		{FB9A661A-ED3F-46B5-BA61-25D4A07CBB5F}.Debug|x64.Build.0 = Debug|Any CPU
		{FB9A661A-ED3F-46B5-BA61-25D4A07CBB5F}.Debug|x86.ActiveCfg = Debug|Any CPU
		{FB9A661A-ED3F-46B5-BA61-25D4A07CBB5F}.Debug|x86.Build.0 = Debug|Any CPU
		{FB9A661A-ED3F-46B5-BA61-25D4A07CBB5F}.Release|Any CPU.ActiveCfg = Release|Any CPU
		{FB9A661A-ED3F-46B5-BA61-25D4A07CBB5F}.Release|Any CPU.Build.0 = Release|Any CPU
		{FB9A661A-ED3F-46B5-BA61-25D4A07CBB5F}.Release|ARM.ActiveCfg = Release|Any CPU
		{FB9A661A-ED3F-46B5-BA61-25D4A07CBB5F}.Release|ARM.Build.0 = Release|Any CPU
		{FB9A661A-ED3F-46B5-BA61-25D4A07CBB5F}.Release|x64.ActiveCfg = Release|Any CPU
		{FB9A661A-ED3F-46B5-BA61-25D4A07CBB5F}.Release|x64.Build.0 = Release|Any CPU
		{FB9A661A-ED3F-46B5-BA61-25D4A07CBB5F}.Release|x86.ActiveCfg = Release|Any CPU
		{FB9A661A-ED3F-46B5-BA61-25D4A07CBB5F}.Release|x86.Build.0 = Release|Any CPU
	EndGlobalSection
	GlobalSection(SolutionProperties) = preSolution
		HideSolutionNode = FALSE
	EndGlobalSection
	GlobalSection(ExtensibilityGlobals) = postSolution
		SolutionGuid = {7DFDB9D7-22ED-4D77-A749-8AAC1E6FF89A}
	EndGlobalSection
EndGlobal
